{
  "name": "text-poly",
  "version": "1.0.0",
  "lockfileVersion": 1,
  "requires": true,
  "dependencies": {
    "abs-svg-path": {
      "version": "https://registry.npmjs.org/abs-svg-path/-/abs-svg-path-0.1.1.tgz",
      "integrity": "sha1-32Acjo0roQ1KdtYl4japo5wnI78="
    },
    "commander": {
      "version": "https://registry.npmjs.org/commander/-/commander-2.11.0.tgz",
      "integrity": "sha1-FXFS/R56bI2YpbcVzzdt+SgARWM="
    },
    "isarray": {
      "version": "https://registry.npmjs.org/isarray/-/isarray-0.0.1.tgz",
      "integrity": "sha1-ihis/Kmo9Bd+Cav8YDiTmwXR7t8="
    },
    "opentype.js": {
      "version": "0.7.3",
      "resolved": "https://registry.npmjs.org/opentype.js/-/opentype.js-0.7.3.tgz",
      "integrity": "sha1-QPuM4Yv9YOdESO/f5EKDQJg5eqs=",
      "requires": {
        "tiny-inflate": "1.0.2"
      }
    },
    "parse-svg-path": {
      "version": "https://registry.npmjs.org/parse-svg-path/-/parse-svg-path-0.1.2.tgz",
      "integrity": "sha1-en7A0esG+lMlx9PgCbhZoJtdSes="
    },
    "point-at-length": {
      "version": "https://registry.npmjs.org/point-at-length/-/point-at-length-1.0.2.tgz",
      "integrity": "sha1-kXbY1tfIFi8Stkb3B9ufDqcoEl4=",
      "requires": {
        "abs-svg-path": "https://registry.npmjs.org/abs-svg-path/-/abs-svg-path-0.1.1.tgz",
        "isarray": "https://registry.npmjs.org/isarray/-/isarray-0.0.1.tgz",
        "parse-svg-path": "https://registry.npmjs.org/parse-svg-path/-/parse-svg-path-0.1.2.tgz"
      }
    },
    "polyk": {
      "version": "https://registry.npmjs.org/polyk/-/polyk-0.24.0.tgz",
      "integrity": "sha1-ZGeRE+67Va03G3qaWHjydrOCGNY="
    },
    "simplify-js": {
      "version": "https://registry.npmjs.org/simplify-js/-/simplify-js-1.2.1.tgz",
      "integrity": "sha1-+iFrQEVPSBdUUOD+ob0earOfy8A="
    },
    "text-to-svg": {
      "version": "3.1.3",
      "resolved": "https://registry.npmjs.org/text-to-svg/-/text-to-svg-3.1.3.tgz",
      "integrity": "sha1-WtD6ErJTRN3DrE0uwHnOgYuFn/Q=",
      "requires": {
        "commander": "https://registry.npmjs.org/commander/-/commander-2.11.0.tgz",
        "opentype.js": "0.7.3"
      }
    },
    "tiny-inflate": {
      "version": "1.0.2",
      "resolved": "https://registry.npmjs.org/tiny-inflate/-/tiny-inflate-1.0.2.tgz",
      "integrity": "sha1-k9nez/yIBb1X6uQxDwt0Xptvs6c="
    }
  }
}
